
Microsoft Visual Studio Solution File, Format Version 12.00
# Visual Studio 15
VisualStudioVersion = 15.0.28307.1500
MinimumVisualStudioVersion = 10.0.40219.1
Project("{FAE04EC0-301F-11D3-BF4B-00C04F79EFBC}") = "ByteBank3", "ByteBank3\ByteBank3.csproj", "{074D774B-992A-4FD4-9379-7710F27F9777}"
EndProject
Project("{FAE04EC0-301F-11D3-BF4B-00C04F79EFBC}") = "TesteDeTryCatch", "TesteDeTryCatch\TesteDeTryCatch.csproj", "{548FC773-E559-46F8-8AE9-7D50644655A3}"
EndProject
Global
	GlobalSection(SolutionConfigurationPlatforms) = preSolution
		Debug|Any CPU = Debug|Any CPU
		Release|Any CPU = Release|Any CPU
	EndGlobalSection
	GlobalSection(ProjectConfigurationPlatforms) = postSolution
		{074D774B-992A-4FD4-9379-7710F27F9777}.Debug|Any CPU.ActiveCfg = Debug|Any CPU
		{074D774B-992A-4FD4-9379-7710F27F9777}.Debug|Any CPU.Build.0 = Debug|Any CPU
		{074D774B-992A-4FD4-9379-7710F27F9777}.Release|Any CPU.ActiveCfg = Release|Any CPU
		{074D774B-992A-4FD4-9379-7710F27F9777}.Release|Any CPU.Build.0 = Release|Any CPU
		{548FC773-E559-46F8-8AE9-7D50644655A3}.Debug|Any CPU.ActiveCfg = Debug|Any CPU
		{548FC773-E559-46F8-8AE9-7D50644655A3}.Debug|Any CPU.Build.0 = Debug|Any CPU
		{548FC773-E559-46F8-8AE9-7D50644655A3}.Release|Any CPU.ActiveCfg = Release|Any CPU
		{548FC773-E559-46F8-8AE9-7D50644655A3}.Release|Any CPU.Build.0 = Release|Any CPU
	EndGlobalSection
	GlobalSection(SolutionProperties) = preSolution
		HideSolutionNode = FALSE
	EndGlobalSection
	GlobalSection(ExtensibilityGlobals) = postSolution
		SolutionGuid = {01EF97B3-06E1-4598-83FB-1FEAF5D8101F}
	EndGlobalSection
EndGlobal
